
Microsoft Visual Studio Solution File, Format Version 12.00
# Visual Studio Version 16
VisualStudioVersion = 16.0.30413.136
MinimumVisualStudioVersion = 10.0.40219.1
Project("{FAE04EC0-301F-11D3-BF4B-00C04F79EFBC}") = "MyLibraryStore", "MyLibraryStore\MyLibraryStore.csproj", "{909BA75D-FA68-4AFC-965C-C14EC7D6659F}"
EndProject
Global
	GlobalSection(SolutionConfigurationPlatforms) = preSolution
		Debug|Any CPU = Debug|Any CPU
		Release|Any CPU = Release|Any CPU
	EndGlobalSection
	GlobalSection(ProjectConfigurationPlatforms) = postSolution
		{909BA75D-FA68-4AFC-965C-C14EC7D6659F}.Debug|Any CPU.ActiveCfg = Debug|Any CPU
		{909BA75D-FA68-4AFC-965C-C14EC7D6659F}.Debug|Any CPU.Build.0 = Debug|Any CPU
		{909BA75D-FA68-4AFC-965C-C14EC7D6659F}.Release|Any CPU.ActiveCfg = Release|Any CPU
		{909BA75D-FA68-4AFC-965C-C14EC7D6659F}.Release|Any CPU.Build.0 = Release|Any CPU
	EndGlobalSection
	GlobalSection(SolutionProperties) = preSolution
		HideSolutionNode = FALSE
	EndGlobalSection
	GlobalSection(ExtensibilityGlobals) = postSolution
		SolutionGuid = {1C559982-640C-4C4D-9470-C9C81931D17E}
	EndGlobalSection
EndGlobal
